
Microsoft Visual Studio Solution File, Format Version 12.00
# Visual Studio 15
VisualStudioVersion = 15.0.26730.12
MinimumVisualStudioVersion = 10.0.40219.1
Project("{FAE04EC0-301F-11D3-BF4B-00C04F79EFBC}") = "Camplots", "Camplots\Camplots.csproj", "{1A88B340-5C44-40B9-B034-324A431799BC}"
EndProject
Global
	GlobalSection(SolutionConfigurationPlatforms) = preSolution
		Debug|.NET = Debug|.NET
		Debug|Any CPU = Debug|Any CPU
		Debug|Mixed Platforms = Debug|Mixed Platforms
		Release|.NET = Release|.NET
		Release|Any CPU = Release|Any CPU
		Release|Mixed Platforms = Release|Mixed Platforms
	EndGlobalSection
	GlobalSection(ProjectConfigurationPlatforms) = postSolution
		{1A88B340-5C44-40B9-B034-324A431799BC}.Debug|.NET.ActiveCfg = Debug|Any CPU
		{1A88B340-5C44-40B9-B034-324A431799BC}.Debug|.NET.Build.0 = Debug|Any CPU
		{1A88B340-5C44-40B9-B034-324A431799BC}.Debug|Any CPU.ActiveCfg = Debug|Any CPU
		{1A88B340-5C44-40B9-B034-324A431799BC}.Debug|Any CPU.Build.0 = Debug|Any CPU
		{1A88B340-5C44-40B9-B034-324A431799BC}.Debug|Mixed Platforms.ActiveCfg = Debug|Any CPU
		{1A88B340-5C44-40B9-B034-324A431799BC}.Debug|Mixed Platforms.Build.0 = Debug|Any CPU
		{1A88B340-5C44-40B9-B034-324A431799BC}.Release|.NET.ActiveCfg = Release|Any CPU
		{1A88B340-5C44-40B9-B034-324A431799BC}.Release|.NET.Build.0 = Release|Any CPU
		{1A88B340-5C44-40B9-B034-324A431799BC}.Release|Any CPU.ActiveCfg = Release|Any CPU
		{1A88B340-5C44-40B9-B034-324A431799BC}.Release|Any CPU.Build.0 = Release|Any CPU
		{1A88B340-5C44-40B9-B034-324A431799BC}.Release|Mixed Platforms.ActiveCfg = Release|Any CPU
		{1A88B340-5C44-40B9-B034-324A431799BC}.Release|Mixed Platforms.Build.0 = Release|Any CPU
	EndGlobalSection
	GlobalSection(SolutionProperties) = preSolution
		HideSolutionNode = FALSE
	EndGlobalSection
	GlobalSection(ExtensibilityGlobals) = postSolution
		SolutionGuid = {1EC1E228-C011-4851-A871-F90D190CCA85}
	EndGlobalSection
EndGlobal
